
Microsoft Visual Studio Solution File, Format Version 12.00
# Visual Studio Version 16
VisualStudioVersion = 16.0.28803.452
MinimumVisualStudioVersion = 10.0.40219.1
Project("{FAE04EC0-301F-11D3-BF4B-00C04F79EFBC}") = "Calculator", "Calculator\Calculator.csproj", "{A635FB9C-1F89-4E69-873A-37AA5BE1EA11}"
EndProject
Global
	GlobalSection(SolutionConfigurationPlatforms) = preSolution
		Debug|Any CPU = Debug|Any CPU
		Release|Any CPU = Release|Any CPU
	EndGlobalSection
	GlobalSection(ProjectConfigurationPlatforms) = postSolution
		{A635FB9C-1F89-4E69-873A-37AA5BE1EA11}.Debug|Any CPU.ActiveCfg = Debug|Any CPU
		{A635FB9C-1F89-4E69-873A-37AA5BE1EA11}.Debug|Any CPU.Build.0 = Debug|Any CPU
		{A635FB9C-1F89-4E69-873A-37AA5BE1EA11}.Release|Any CPU.ActiveCfg = Release|Any CPU
		{A635FB9C-1F89-4E69-873A-37AA5BE1EA11}.Release|Any CPU.Build.0 = Release|Any CPU
	EndGlobalSection
	GlobalSection(SolutionProperties) = preSolution
		HideSolutionNode = FALSE
	EndGlobalSection
	GlobalSection(ExtensibilityGlobals) = postSolution
		SolutionGuid = {065C9848-95B4-49EB-9854-CA132431F190}
	EndGlobalSection
EndGlobal
